
Microsoft Visual Studio Solution File, Format Version 12.00
# Visual Studio Version 16
VisualStudioVersion = 16.0.29215.179
MinimumVisualStudioVersion = 10.0.40219.1
Project("{FAE04EC0-301F-11D3-BF4B-00C04F79EFBC}") = "008 - Change Return Calculator", "008 - Change Return Calculator\008 - Change Return Calculator.csproj", "{F1A8FC9B-B741-447D-A266-07434B9EFF30}"
EndProject
Global
	GlobalSection(SolutionConfigurationPlatforms) = preSolution
		Debug|Any CPU = Debug|Any CPU
		Release|Any CPU = Release|Any CPU
	EndGlobalSection
	GlobalSection(ProjectConfigurationPlatforms) = postSolution
		{F1A8FC9B-B741-447D-A266-07434B9EFF30}.Debug|Any CPU.ActiveCfg = Debug|Any CPU
		{F1A8FC9B-B741-447D-A266-07434B9EFF30}.Debug|Any CPU.Build.0 = Debug|Any CPU
		{F1A8FC9B-B741-447D-A266-07434B9EFF30}.Release|Any CPU.ActiveCfg = Release|Any CPU
		{F1A8FC9B-B741-447D-A266-07434B9EFF30}.Release|Any CPU.Build.0 = Release|Any CPU
	EndGlobalSection
	GlobalSection(SolutionProperties) = preSolution
		HideSolutionNode = FALSE
	EndGlobalSection
	GlobalSection(ExtensibilityGlobals) = postSolution
		SolutionGuid = {207FEF2E-1352-461C-8E56-3C3AD30236F2}
	EndGlobalSection
EndGlobal
