
Microsoft Visual Studio Solution File, Format Version 12.00
# Visual Studio Version 16
VisualStudioVersion = 16.0.29424.173
MinimumVisualStudioVersion = 10.0.40219.1
Project("{FAE04EC0-301F-11D3-BF4B-00C04F79EFBC}") = "010 - Calculator", "010 - Calculator\010 - Calculator.csproj", "{4E135CCC-5601-4303-88AF-C98341BD97E3}"
EndProject
Global
	GlobalSection(SolutionConfigurationPlatforms) = preSolution
		Debug|Any CPU = Debug|Any CPU
		Release|Any CPU = Release|Any CPU
	EndGlobalSection
	GlobalSection(ProjectConfigurationPlatforms) = postSolution
		{4E135CCC-5601-4303-88AF-C98341BD97E3}.Debug|Any CPU.ActiveCfg = Debug|Any CPU
		{4E135CCC-5601-4303-88AF-C98341BD97E3}.Debug|Any CPU.Build.0 = Debug|Any CPU
		{4E135CCC-5601-4303-88AF-C98341BD97E3}.Release|Any CPU.ActiveCfg = Release|Any CPU
		{4E135CCC-5601-4303-88AF-C98341BD97E3}.Release|Any CPU.Build.0 = Release|Any CPU
	EndGlobalSection
	GlobalSection(SolutionProperties) = preSolution
		HideSolutionNode = FALSE
	EndGlobalSection
	GlobalSection(ExtensibilityGlobals) = postSolution
		SolutionGuid = {C3B3AA6A-3025-4252-A9E6-4D0B9C68C593}
	EndGlobalSection
EndGlobal
