
Microsoft Visual Studio Solution File, Format Version 12.00
# Visual Studio Version 16
VisualStudioVersion = 16.0.29215.179
MinimumVisualStudioVersion = 10.0.40219.1
Project("{FAE04EC0-301F-11D3-BF4B-00C04F79EFBC}") = "Pi Finder", "Pi Finder\Pi Finder.csproj", "{CBCC33EE-4EBC-4E60-8C38-89874D10F4B9}"
EndProject
Global
	GlobalSection(SolutionConfigurationPlatforms) = preSolution
		Debug|Any CPU = Debug|Any CPU
		Release|Any CPU = Release|Any CPU
	EndGlobalSection
	GlobalSection(ProjectConfigurationPlatforms) = postSolution
		{CBCC33EE-4EBC-4E60-8C38-89874D10F4B9}.Debug|Any CPU.ActiveCfg = Debug|Any CPU
		{CBCC33EE-4EBC-4E60-8C38-89874D10F4B9}.Debug|Any CPU.Build.0 = Debug|Any CPU
		{CBCC33EE-4EBC-4E60-8C38-89874D10F4B9}.Release|Any CPU.ActiveCfg = Release|Any CPU
		{CBCC33EE-4EBC-4E60-8C38-89874D10F4B9}.Release|Any CPU.Build.0 = Release|Any CPU
	EndGlobalSection
	GlobalSection(SolutionProperties) = preSolution
		HideSolutionNode = FALSE
	EndGlobalSection
	GlobalSection(ExtensibilityGlobals) = postSolution
		SolutionGuid = {6BCDE1B2-F9E7-431F-8416-44AA5D4BFDFA}
	EndGlobalSection
EndGlobal
